
Microsoft Visual Studio Solution File, Format Version 12.00
Project("{FAE04EC0-301F-11D3-BF4B-00C04F79EFBC}") = "PacktLibrary", "PacktLibrary\PacktLibrary.csproj", "{DFF49FB3-8219-48CD-8B9F-F2FA236B7764}"
EndProject
Project("{FAE04EC0-301F-11D3-BF4B-00C04F79EFBC}") = "PeopleApp", "PeopleApp\PeopleApp.csproj", "{8A1A5098-15BE-48AE-B9BA-34AD85278373}"
EndProject
Global
	GlobalSection(SolutionConfigurationPlatforms) = preSolution
		Debug|Any CPU = Debug|Any CPU
		Release|Any CPU = Release|Any CPU
	EndGlobalSection
	GlobalSection(ProjectConfigurationPlatforms) = postSolution
		{DFF49FB3-8219-48CD-8B9F-F2FA236B7764}.Debug|Any CPU.ActiveCfg = Debug|Any CPU
		{DFF49FB3-8219-48CD-8B9F-F2FA236B7764}.Debug|Any CPU.Build.0 = Debug|Any CPU
		{DFF49FB3-8219-48CD-8B9F-F2FA236B7764}.Release|Any CPU.ActiveCfg = Release|Any CPU
		{DFF49FB3-8219-48CD-8B9F-F2FA236B7764}.Release|Any CPU.Build.0 = Release|Any CPU
		{8A1A5098-15BE-48AE-B9BA-34AD85278373}.Debug|Any CPU.ActiveCfg = Debug|Any CPU
		{8A1A5098-15BE-48AE-B9BA-34AD85278373}.Debug|Any CPU.Build.0 = Debug|Any CPU
		{8A1A5098-15BE-48AE-B9BA-34AD85278373}.Release|Any CPU.ActiveCfg = Release|Any CPU
		{8A1A5098-15BE-48AE-B9BA-34AD85278373}.Release|Any CPU.Build.0 = Release|Any CPU
	EndGlobalSection
EndGlobal
